
Microsoft Visual Studio Solution File, Format Version 12.00
# Visual Studio 15
VisualStudioVersion = 15.0.28307.1022
MinimumVisualStudioVersion = 10.0.40219.1
Project("{9A19103F-16F7-4668-BE54-9A1E7A4F7556}") = "study01", "study01\study01.csproj", "{9711A0A3-5203-484D-9EDF-E1BE16FB267C}"
EndProject
Project("{9A19103F-16F7-4668-BE54-9A1E7A4F7556}") = "study02", "study02\study02.csproj", "{0B015C83-CA5A-4FB4-9D83-B88B76FACAD0}"
EndProject
Project("{9A19103F-16F7-4668-BE54-9A1E7A4F7556}") = "study03_分支结构", "study03_分支结构\study03_分支结构.csproj", "{89CCCBB7-7D25-4D87-BF50-EB5C4C01B619}"
EndProject
Project("{9A19103F-16F7-4668-BE54-9A1E7A4F7556}") = "study04_异常捕获", "study04_异常捕获\study04_异常捕获.csproj", "{965E7265-4215-49ED-9223-9F24F3C57B34}"
EndProject
Project("{FAE04EC0-301F-11D3-BF4B-00C04F79EFBC}") = "study05", "study05\study05.csproj", "{5D2C078F-29F3-43BB-8466-A768B96FD166}"
EndProject
Project("{FAE04EC0-301F-11D3-BF4B-00C04F79EFBC}") = "study06", "study06\study06.csproj", "{67137824-51EC-4995-9C71-C5963BB59F31}"
EndProject
Project("{FAE04EC0-301F-11D3-BF4B-00C04F79EFBC}") = "practice_结构", "practice_结构\practice_结构.csproj", "{2EA6C6AF-D11F-45F0-A212-75C8D32855AB}"
EndProject
Global
	GlobalSection(SolutionConfigurationPlatforms) = preSolution
		Debug|Any CPU = Debug|Any CPU
		Release|Any CPU = Release|Any CPU
	EndGlobalSection
	GlobalSection(ProjectConfigurationPlatforms) = postSolution
		{9711A0A3-5203-484D-9EDF-E1BE16FB267C}.Debug|Any CPU.ActiveCfg = Debug|Any CPU
		{9711A0A3-5203-484D-9EDF-E1BE16FB267C}.Debug|Any CPU.Build.0 = Debug|Any CPU
		{9711A0A3-5203-484D-9EDF-E1BE16FB267C}.Release|Any CPU.ActiveCfg = Release|Any CPU
		{9711A0A3-5203-484D-9EDF-E1BE16FB267C}.Release|Any CPU.Build.0 = Release|Any CPU
		{0B015C83-CA5A-4FB4-9D83-B88B76FACAD0}.Debug|Any CPU.ActiveCfg = Debug|Any CPU
		{0B015C83-CA5A-4FB4-9D83-B88B76FACAD0}.Debug|Any CPU.Build.0 = Debug|Any CPU
		{0B015C83-CA5A-4FB4-9D83-B88B76FACAD0}.Release|Any CPU.ActiveCfg = Release|Any CPU
		{0B015C83-CA5A-4FB4-9D83-B88B76FACAD0}.Release|Any CPU.Build.0 = Release|Any CPU
		{89CCCBB7-7D25-4D87-BF50-EB5C4C01B619}.Debug|Any CPU.ActiveCfg = Debug|Any CPU
		{89CCCBB7-7D25-4D87-BF50-EB5C4C01B619}.Debug|Any CPU.Build.0 = Debug|Any CPU
		{89CCCBB7-7D25-4D87-BF50-EB5C4C01B619}.Release|Any CPU.ActiveCfg = Release|Any CPU
		{89CCCBB7-7D25-4D87-BF50-EB5C4C01B619}.Release|Any CPU.Build.0 = Release|Any CPU
		{965E7265-4215-49ED-9223-9F24F3C57B34}.Debug|Any CPU.ActiveCfg = Debug|Any CPU
		{965E7265-4215-49ED-9223-9F24F3C57B34}.Debug|Any CPU.Build.0 = Debug|Any CPU
		{965E7265-4215-49ED-9223-9F24F3C57B34}.Release|Any CPU.ActiveCfg = Release|Any CPU
		{965E7265-4215-49ED-9223-9F24F3C57B34}.Release|Any CPU.Build.0 = Release|Any CPU
		{5D2C078F-29F3-43BB-8466-A768B96FD166}.Debug|Any CPU.ActiveCfg = Debug|Any CPU
		{5D2C078F-29F3-43BB-8466-A768B96FD166}.Debug|Any CPU.Build.0 = Debug|Any CPU
		{5D2C078F-29F3-43BB-8466-A768B96FD166}.Release|Any CPU.ActiveCfg = Release|Any CPU
		{5D2C078F-29F3-43BB-8466-A768B96FD166}.Release|Any CPU.Build.0 = Release|Any CPU
		{67137824-51EC-4995-9C71-C5963BB59F31}.Debug|Any CPU.ActiveCfg = Debug|Any CPU
		{67137824-51EC-4995-9C71-C5963BB59F31}.Debug|Any CPU.Build.0 = Debug|Any CPU
		{67137824-51EC-4995-9C71-C5963BB59F31}.Release|Any CPU.ActiveCfg = Release|Any CPU
		{67137824-51EC-4995-9C71-C5963BB59F31}.Release|Any CPU.Build.0 = Release|Any CPU
		{2EA6C6AF-D11F-45F0-A212-75C8D32855AB}.Debug|Any CPU.ActiveCfg = Debug|Any CPU
		{2EA6C6AF-D11F-45F0-A212-75C8D32855AB}.Debug|Any CPU.Build.0 = Debug|Any CPU
		{2EA6C6AF-D11F-45F0-A212-75C8D32855AB}.Release|Any CPU.ActiveCfg = Release|Any CPU
		{2EA6C6AF-D11F-45F0-A212-75C8D32855AB}.Release|Any CPU.Build.0 = Release|Any CPU
	EndGlobalSection
	GlobalSection(SolutionProperties) = preSolution
		HideSolutionNode = FALSE
	EndGlobalSection
	GlobalSection(ExtensibilityGlobals) = postSolution
		SolutionGuid = {A5A0CF47-21E9-4EE7-BCC4-B333C3F7CDB3}
	EndGlobalSection
EndGlobal
