
Microsoft Visual Studio Solution File, Format Version 12.00
# Visual Studio Version 16
VisualStudioVersion = 16.0.31105.61
MinimumVisualStudioVersion = 10.0.40219.1
Project("{FAE04EC0-301F-11D3-BF4B-00C04F79EFBC}") = "study01", "study01\study01.csproj", "{9711A0A3-5203-484D-9EDF-E1BE16FB267C}"
EndProject
Project("{FAE04EC0-301F-11D3-BF4B-00C04F79EFBC}") = "study02", "study02\study02.csproj", "{0B015C83-CA5A-4FB4-9D83-B88B76FACAD0}"
EndProject
Global
	GlobalSection(SolutionConfigurationPlatforms) = preSolution
		Debug|Any CPU = Debug|Any CPU
		Release|Any CPU = Release|Any CPU
	EndGlobalSection
	GlobalSection(ProjectConfigurationPlatforms) = postSolution
		{9711A0A3-5203-484D-9EDF-E1BE16FB267C}.Debug|Any CPU.ActiveCfg = Debug|Any CPU
		{9711A0A3-5203-484D-9EDF-E1BE16FB267C}.Debug|Any CPU.Build.0 = Debug|Any CPU
		{9711A0A3-5203-484D-9EDF-E1BE16FB267C}.Release|Any CPU.ActiveCfg = Release|Any CPU
		{9711A0A3-5203-484D-9EDF-E1BE16FB267C}.Release|Any CPU.Build.0 = Release|Any CPU
		{0B015C83-CA5A-4FB4-9D83-B88B76FACAD0}.Debug|Any CPU.ActiveCfg = Debug|Any CPU
		{0B015C83-CA5A-4FB4-9D83-B88B76FACAD0}.Debug|Any CPU.Build.0 = Debug|Any CPU
		{0B015C83-CA5A-4FB4-9D83-B88B76FACAD0}.Release|Any CPU.ActiveCfg = Release|Any CPU
		{0B015C83-CA5A-4FB4-9D83-B88B76FACAD0}.Release|Any CPU.Build.0 = Release|Any CPU
	EndGlobalSection
	GlobalSection(SolutionProperties) = preSolution
		HideSolutionNode = FALSE
	EndGlobalSection
	GlobalSection(ExtensibilityGlobals) = postSolution
		SolutionGuid = {A5A0CF47-21E9-4EE7-BCC4-B333C3F7CDB3}
	EndGlobalSection
EndGlobal
