
Microsoft Visual Studio Solution File, Format Version 12.00
# Visual Studio Version 16
VisualStudioVersion = 16.0.31105.61
MinimumVisualStudioVersion = 10.0.40219.1
Project("{9A19103F-16F7-4668-BE54-9A1E7A4F7556}") = "StudyCday1", "StudyCday1\StudyCday1.csproj", "{AB342D10-F8E1-407D-B00C-4CBA67B28021}"
EndProject
Project("{9A19103F-16F7-4668-BE54-9A1E7A4F7556}") = "StudyCday2", "StudyCday2\StudyCday2.csproj", "{D83434B5-B403-4A47-BD21-6229CE29E4C2}"
EndProject
Project("{FAE04EC0-301F-11D3-BF4B-00C04F79EFBC}") = "StudyCday3", "StudyCday3\StudyCday3.csproj", "{A57A4FDC-EB2B-4C78-BF0B-369022324D4E}"
EndProject
Global
	GlobalSection(SolutionConfigurationPlatforms) = preSolution
		Debug|Any CPU = Debug|Any CPU
		Release|Any CPU = Release|Any CPU
	EndGlobalSection
	GlobalSection(ProjectConfigurationPlatforms) = postSolution
		{AB342D10-F8E1-407D-B00C-4CBA67B28021}.Debug|Any CPU.ActiveCfg = Debug|Any CPU
		{AB342D10-F8E1-407D-B00C-4CBA67B28021}.Debug|Any CPU.Build.0 = Debug|Any CPU
		{AB342D10-F8E1-407D-B00C-4CBA67B28021}.Release|Any CPU.ActiveCfg = Release|Any CPU
		{AB342D10-F8E1-407D-B00C-4CBA67B28021}.Release|Any CPU.Build.0 = Release|Any CPU
		{D83434B5-B403-4A47-BD21-6229CE29E4C2}.Debug|Any CPU.ActiveCfg = Debug|Any CPU
		{D83434B5-B403-4A47-BD21-6229CE29E4C2}.Debug|Any CPU.Build.0 = Debug|Any CPU
		{D83434B5-B403-4A47-BD21-6229CE29E4C2}.Release|Any CPU.ActiveCfg = Release|Any CPU
		{D83434B5-B403-4A47-BD21-6229CE29E4C2}.Release|Any CPU.Build.0 = Release|Any CPU
		{A57A4FDC-EB2B-4C78-BF0B-369022324D4E}.Debug|Any CPU.ActiveCfg = Debug|Any CPU
		{A57A4FDC-EB2B-4C78-BF0B-369022324D4E}.Debug|Any CPU.Build.0 = Debug|Any CPU
		{A57A4FDC-EB2B-4C78-BF0B-369022324D4E}.Release|Any CPU.ActiveCfg = Release|Any CPU
		{A57A4FDC-EB2B-4C78-BF0B-369022324D4E}.Release|Any CPU.Build.0 = Release|Any CPU
	EndGlobalSection
	GlobalSection(SolutionProperties) = preSolution
		HideSolutionNode = FALSE
	EndGlobalSection
	GlobalSection(ExtensibilityGlobals) = postSolution
		SolutionGuid = {F34EE4CC-D2C0-4626-9278-A19031892C94}
	EndGlobalSection
EndGlobal
